
Microsoft Visual Studio Solution File, Format Version 12.00
# Visual Studio Version 17
VisualStudioVersion = 17.5.33627.172
MinimumVisualStudioVersion = 10.0.40219.1
Project("{FAE04EC0-301F-11D3-BF4B-00C04F79EFBC}") = "TestReportAPI", "TestReportAPI\TestReportAPI.csproj", "{DF929803-E86E-4BFD-92B4-2CD039F20473}"
EndProject
Global
	GlobalSection(SolutionConfigurationPlatforms) = preSolution
		Debug|Any CPU = Debug|Any CPU
		Release|Any CPU = Release|Any CPU
	EndGlobalSection
	GlobalSection(ProjectConfigurationPlatforms) = postSolution
		{DF929803-E86E-4BFD-92B4-2CD039F20473}.Debug|Any CPU.ActiveCfg = Debug|Any CPU
		{DF929803-E86E-4BFD-92B4-2CD039F20473}.Debug|Any CPU.Build.0 = Debug|Any CPU
		{DF929803-E86E-4BFD-92B4-2CD039F20473}.Release|Any CPU.ActiveCfg = Release|Any CPU
		{DF929803-E86E-4BFD-92B4-2CD039F20473}.Release|Any CPU.Build.0 = Release|Any CPU
	EndGlobalSection
	GlobalSection(SolutionProperties) = preSolution
		HideSolutionNode = FALSE
	EndGlobalSection
	GlobalSection(ExtensibilityGlobals) = postSolution
		SolutionGuid = {6B9DAC47-F2D4-4446-80CE-599A9DF09F80}
	EndGlobalSection
EndGlobal
